
Microsoft Visual Studio Solution File, Format Version 12.00
# Visual Studio Version 16
VisualStudioVersion = 16.0.31112.23
MinimumVisualStudioVersion = 10.0.40219.1
Project("{FAE04EC0-301F-11D3-BF4B-00C04F79EFBC}") = "SistemaVentas", "SistemaDeVenta\SistemaVentas.csproj", "{61EE18A1-9E8B-4516-900F-31E4C0C2314F}"
EndProject
Global
	GlobalSection(SolutionConfigurationPlatforms) = preSolution
		Debug|Any CPU = Debug|Any CPU
		Release|Any CPU = Release|Any CPU
	EndGlobalSection
	GlobalSection(ProjectConfigurationPlatforms) = postSolution
		{61EE18A1-9E8B-4516-900F-31E4C0C2314F}.Debug|Any CPU.ActiveCfg = Debug|Any CPU
		{61EE18A1-9E8B-4516-900F-31E4C0C2314F}.Debug|Any CPU.Build.0 = Debug|Any CPU
		{61EE18A1-9E8B-4516-900F-31E4C0C2314F}.Release|Any CPU.ActiveCfg = Release|Any CPU
		{61EE18A1-9E8B-4516-900F-31E4C0C2314F}.Release|Any CPU.Build.0 = Release|Any CPU
	EndGlobalSection
	GlobalSection(SolutionProperties) = preSolution
		HideSolutionNode = FALSE
	EndGlobalSection
	GlobalSection(ExtensibilityGlobals) = postSolution
		SolutionGuid = {2E2595EE-DFB0-4006-8F44-35BDD9797DE3}
	EndGlobalSection
EndGlobal
